
Microsoft Visual Studio Solution File, Format Version 12.00
# Visual Studio Version 17
VisualStudioVersion = 17.11.35327.3
MinimumVisualStudioVersion = 10.0.40219.1
Project("{FAE04EC0-301F-11D3-BF4B-00C04F79EFBC}") = "Benchmarks", "Benchmarks\Benchmarks.csproj", "{108D6119-E713-4ECA-AA37-EA65DBFDBF2C}"
EndProject
Global
	GlobalSection(SolutionConfigurationPlatforms) = preSolution
		Debug|Any CPU = Debug|Any CPU
		Release|Any CPU = Release|Any CPU
	EndGlobalSection
	GlobalSection(ProjectConfigurationPlatforms) = postSolution
		{108D6119-E713-4ECA-AA37-EA65DBFDBF2C}.Debug|Any CPU.ActiveCfg = Debug|Any CPU
		{108D6119-E713-4ECA-AA37-EA65DBFDBF2C}.Debug|Any CPU.Build.0 = Debug|Any CPU
		{108D6119-E713-4ECA-AA37-EA65DBFDBF2C}.Release|Any CPU.ActiveCfg = Release|Any CPU
		{108D6119-E713-4ECA-AA37-EA65DBFDBF2C}.Release|Any CPU.Build.0 = Release|Any CPU
	EndGlobalSection
	GlobalSection(SolutionProperties) = preSolution
		HideSolutionNode = FALSE
	EndGlobalSection
	GlobalSection(ExtensibilityGlobals) = postSolution
		SolutionGuid = {8E4A08D3-070A-4550-8A90-5DC67182BFC5}
	EndGlobalSection
EndGlobal
